// !$*UTF8*$!
{
	archiveVersion = 1;
	classes = {
	};
	objectVersion = 77;
	objects = {

/* Begin PBXBuildFile section */
		0A1587A46AFCEF31B7ED7ABD /* ActiveApplication.swift in Sources */ = {isa = PBXBuildFile; fileRef = E8D776FC661EB56274715E01 /* ActiveApplication.swift */; };
		8A8CC3314370E7C5D91F24F2 /* Snapshot.swift in Sources */ = {isa = PBXBuildFile; fileRef = 7FE634E1DA5FBCEF6B0206FC /* Snapshot.swift */; };
		9D9B5CA47843F54CCE05353B /* RunnerHostApp.swift in Sources */ = {isa = PBXBuildFile; fileRef = B000868D5CB55E417C666458 /* RunnerHostApp.swift */; };
		A9F4BADB8F39D8B52AE108CC /* RunnerTests.swift in Sources */ = {isa = PBXBuildFile; fileRef = D494B45A7650A5D80064AE11 /* RunnerTests.swift */; };
		AEBE81C27BF04B8A0ADEC582 /* RunnerServer.swift in Sources */ = {isa = PBXBuildFile; fileRef = E0E6DE9DFBB41BBCF06A7D46 /* RunnerServer.swift */; };
		DBF4ED051F524AD8BD3C7E39 /* Commands.swift in Sources */ = {isa = PBXBuildFile; fileRef = EB2F052C729C27A9A52FBB4C /* Commands.swift */; };
/* End PBXBuildFile section */

/* Begin PBXContainerItemProxy section */
		C9412D70248214F45F585A97 /* PBXContainerItemProxy */ = {
			isa = PBXContainerItemProxy;
			containerPortal = 59B52B69C1D45AFCFC29F94B /* Project object */;
			proxyType = 1;
			remoteGlobalIDString = EFD2C2940CB73E50B0A12102;
			remoteInfo = OffsiderRunnerHost;
		};
/* End PBXContainerItemProxy section */

/* Begin PBXFileReference section */
		5347495792169975951264E8 /* OffsiderRunnerUITests.xctest */ = {isa = PBXFileReference; includeInIndex = 0; lastKnownFileType = wrapper.cfbundle; path = OffsiderRunnerUITests.xctest; sourceTree = BUILT_PRODUCTS_DIR; };
		7FE634E1DA5FBCEF6B0206FC /* Snapshot.swift */ = {isa = PBXFileReference; lastKnownFileType = sourcecode.swift; path = Snapshot.swift; sourceTree = "<group>"; };
		B000868D5CB55E417C666458 /* RunnerHostApp.swift */ = {isa = PBXFileReference; lastKnownFileType = sourcecode.swift; path = RunnerHostApp.swift; sourceTree = "<group>"; };
		D1900F58F85AD4C606713A34 /* OffsiderRunnerHost.app */ = {isa = PBXFileReference; includeInIndex = 0; lastKnownFileType = wrapper.application; path = OffsiderRunnerHost.app; sourceTree = BUILT_PRODUCTS_DIR; };
		D494B45A7650A5D80064AE11 /* RunnerTests.swift */ = {isa = PBXFileReference; lastKnownFileType = sourcecode.swift; path = RunnerTests.swift; sourceTree = "<group>"; };
		E0E6DE9DFBB41BBCF06A7D46 /* RunnerServer.swift */ = {isa = PBXFileReference; lastKnownFileType = sourcecode.swift; path = RunnerServer.swift; sourceTree = "<group>"; };
		E8D776FC661EB56274715E01 /* ActiveApplication.swift */ = {isa = PBXFileReference; lastKnownFileType = sourcecode.swift; path = ActiveApplication.swift; sourceTree = "<group>"; };
		EB2F052C729C27A9A52FBB4C /* Commands.swift */ = {isa = PBXFileReference; lastKnownFileType = sourcecode.swift; path = Commands.swift; sourceTree = "<group>"; };
/* End PBXFileReference section */

/* Begin PBXGroup section */
		2DB14A99B032F83C71FD47C9 = {
			isa = PBXGroup;
			children = (
				D5910E29C9C2C1BB37BE5828 /* Host */,
				B27379F6C8C37E5741252B19 /* UITests */,
				3FC6D72262CF66464CB8C181 /* Products */,
			);
			sourceTree = "<group>";
		};
		3FC6D72262CF66464CB8C181 /* Products */ = {
			isa = PBXGroup;
			children = (
				D1900F58F85AD4C606713A34 /* OffsiderRunnerHost.app */,
				5347495792169975951264E8 /* OffsiderRunnerUITests.xctest */,
			);
			name = Products;
			sourceTree = "<group>";
		};
		B27379F6C8C37E5741252B19 /* UITests */ = {
			isa = PBXGroup;
			children = (
				E8D776FC661EB56274715E01 /* ActiveApplication.swift */,
				EB2F052C729C27A9A52FBB4C /* Commands.swift */,
				E0E6DE9DFBB41BBCF06A7D46 /* RunnerServer.swift */,
				D494B45A7650A5D80064AE11 /* RunnerTests.swift */,
				7FE634E1DA5FBCEF6B0206FC /* Snapshot.swift */,
			);
			path = UITests;
			sourceTree = "<group>";
		};
		D5910E29C9C2C1BB37BE5828 /* Host */ = {
			isa = PBXGroup;
			children = (
				B000868D5CB55E417C666458 /* RunnerHostApp.swift */,
			);
			path = Host;
			sourceTree = "<group>";
		};
/* End PBXGroup section */

/* Begin PBXNativeTarget section */
		ED420161F32AD8D8FEA011DC /* OffsiderRunnerUITests */ = {
			isa = PBXNativeTarget;
			buildConfigurationList = 74F34F6083F53A1AC8099042 /* Build configuration list for PBXNativeTarget "OffsiderRunnerUITests" */;
			buildPhases = (
				3FAAC55C05B279A9D5079D0C /* Sources */,
			);
			buildRules = (
			);
			dependencies = (
				49A79862138262C4D199D2CE /* PBXTargetDependency */,
			);
			name = OffsiderRunnerUITests;
			packageProductDependencies = (
			);
			productName = OffsiderRunnerUITests;
			productReference = 5347495792169975951264E8 /* OffsiderRunnerUITests.xctest */;
			productType = "com.apple.product-type.bundle.ui-testing";
		};
		EFD2C2940CB73E50B0A12102 /* OffsiderRunnerHost */ = {
			isa = PBXNativeTarget;
			buildConfigurationList = 58B124F8B6A2052C076E03F9 /* Build configuration list for PBXNativeTarget "OffsiderRunnerHost" */;
			buildPhases = (
				D2E1965220C1CFEEF127BBB4 /* Sources */,
			);
			buildRules = (
			);
			dependencies = (
			);
			name = OffsiderRunnerHost;
			packageProductDependencies = (
			);
			productName = OffsiderRunnerHost;
			productReference = D1900F58F85AD4C606713A34 /* OffsiderRunnerHost.app */;
			productType = "com.apple.product-type.application";
		};
/* End PBXNativeTarget section */

/* Begin PBXProject section */
		59B52B69C1D45AFCFC29F94B /* Project object */ = {
			isa = PBXProject;
			attributes = {
				BuildIndependentTargetsInParallel = YES;
				LastUpgradeCheck = 1430;
				TargetAttributes = {
					ED420161F32AD8D8FEA011DC = {
						ProvisioningStyle = Automatic;
						TestTargetID = EFD2C2940CB73E50B0A12102;
					};
					EFD2C2940CB73E50B0A12102 = {
						ProvisioningStyle = Automatic;
					};
				};
			};
			buildConfigurationList = ACEA6778BF170DD2D6F1A449 /* Build configuration list for PBXProject "OffsiderRunner" */;
			developmentRegion = en;
			hasScannedForEncodings = 0;
			knownRegions = (
				Base,
				en,
			);
			mainGroup = 2DB14A99B032F83C71FD47C9;
			minimizedProjectReferenceProxies = 1;
			preferredProjectObjectVersion = 77;
			productRefGroup = 3FC6D72262CF66464CB8C181 /* Products */;
			projectDirPath = "";
			projectRoot = "";
			targets = (
				EFD2C2940CB73E50B0A12102 /* OffsiderRunnerHost */,
				ED420161F32AD8D8FEA011DC /* OffsiderRunnerUITests */,
			);
		};
/* End PBXProject section */

/* Begin PBXSourcesBuildPhase section */
		3FAAC55C05B279A9D5079D0C /* Sources */ = {
			isa = PBXSourcesBuildPhase;
			buildActionMask = 2147483647;
			files = (
				0A1587A46AFCEF31B7ED7ABD /* ActiveApplication.swift in Sources */,
				DBF4ED051F524AD8BD3C7E39 /* Commands.swift in Sources */,
				AEBE81C27BF04B8A0ADEC582 /* RunnerServer.swift in Sources */,
				A9F4BADB8F39D8B52AE108CC /* RunnerTests.swift in Sources */,
				8A8CC3314370E7C5D91F24F2 /* Snapshot.swift in Sources */,
			);
			runOnlyForDeploymentPostprocessing = 0;
		};
		D2E1965220C1CFEEF127BBB4 /* Sources */ = {
			isa = PBXSourcesBuildPhase;
			buildActionMask = 2147483647;
			files = (
				9D9B5CA47843F54CCE05353B /* RunnerHostApp.swift in Sources */,
			);
			runOnlyForDeploymentPostprocessing = 0;
		};
/* End PBXSourcesBuildPhase section */

/* Begin PBXTargetDependency section */
		49A79862138262C4D199D2CE /* PBXTargetDependency */ = {
			isa = PBXTargetDependency;
			target = EFD2C2940CB73E50B0A12102 /* OffsiderRunnerHost */;
			targetProxy = C9412D70248214F45F585A97 /* PBXContainerItemProxy */;
		};
/* End PBXTargetDependency section */

/* Begin XCBuildConfiguration section */
		0B42AF77C35C50357D1A66C3 /* Debug */ = {
			isa = XCBuildConfiguration;
			buildSettings = {
				ALWAYS_SEARCH_USER_PATHS = NO;
				CLANG_ANALYZER_NONNULL = YES;
				CLANG_ANALYZER_NUMBER_OBJECT_CONVERSION = YES_AGGRESSIVE;
				CLANG_CXX_LANGUAGE_STANDARD = "gnu++14";
				CLANG_CXX_LIBRARY = "libc++";
				CLANG_ENABLE_MODULES = YES;
				CLANG_ENABLE_OBJC_ARC = YES;
				CLANG_ENABLE_OBJC_WEAK = YES;
				CLANG_WARN_BLOCK_CAPTURE_AUTORELEASING = YES;
				CLANG_WARN_BOOL_CONVERSION = YES;
				CLANG_WARN_COMMA = YES;
				CLANG_WARN_CONSTANT_CONVERSION = YES;
				CLANG_WARN_DEPRECATED_OBJC_IMPLEMENTATIONS = YES;
				CLANG_WARN_DIRECT_OBJC_ISA_USAGE = YES_ERROR;
				CLANG_WARN_DOCUMENTATION_COMMENTS = YES;
				CLANG_WARN_EMPTY_BODY = YES;
				CLANG_WARN_ENUM_CONVERSION = YES;
				CLANG_WARN_INFINITE_RECURSION = YES;
				CLANG_WARN_INT_CONVERSION = YES;
				CLANG_WARN_NON_LITERAL_NULL_CONVERSION = YES;
				CLANG_WARN_OBJC_IMPLICIT_RETAIN_SELF = YES;
				CLANG_WARN_OBJC_LITERAL_CONVERSION = YES;
				CLANG_WARN_OBJC_ROOT_CLASS = YES_ERROR;
				CLANG_WARN_QUOTED_INCLUDE_IN_FRAMEWORK_HEADER = YES;
				CLANG_WARN_RANGE_LOOP_ANALYSIS = YES;
				CLANG_WARN_STRICT_PROTOTYPES = YES;
				CLANG_WARN_SUSPICIOUS_MOVE = YES;
				CLANG_WARN_UNGUARDED_AVAILABILITY = YES_AGGRESSIVE;
				CLANG_WARN_UNREACHABLE_CODE = YES;
				CLANG_WARN__DUPLICATE_METHOD_MATCH = YES;
				CODE_SIGN_STYLE = Automatic;
				COPY_PHASE_STRIP = NO;
				DEBUG_INFORMATION_FORMAT = dwarf;
				ENABLE_STRICT_OBJC_MSGSEND = YES;
				ENABLE_TESTABILITY = YES;
				GCC_C_LANGUAGE_STANDARD = gnu11;
				GCC_DYNAMIC_NO_PIC = NO;
				GCC_NO_COMMON_BLOCKS = YES;
				GCC_OPTIMIZATION_LEVEL = 0;
				GCC_PREPROCESSOR_DEFINITIONS = (
					"$(inherited)",
					"DEBUG=1",
				);
				GCC_WARN_64_TO_32_BIT_CONVERSION = YES;
				GCC_WARN_ABOUT_RETURN_TYPE = YES_ERROR;
				GCC_WARN_UNDECLARED_SELECTOR = YES;
				GCC_WARN_UNINITIALIZED_AUTOS = YES_AGGRESSIVE;
				GCC_WARN_UNUSED_FUNCTION = YES;
				GCC_WARN_UNUSED_VARIABLE = YES;
				IPHONEOS_DEPLOYMENT_TARGET = 17.0;
				MTL_ENABLE_DEBUG_INFO = INCLUDE_SOURCE;
				MTL_FAST_MATH = YES;
				ONLY_ACTIVE_ARCH = YES;
				PRODUCT_NAME = "$(TARGET_NAME)";
				SDKROOT = iphoneos;
				SWIFT_ACTIVE_COMPILATION_CONDITIONS = DEBUG;
				SWIFT_OPTIMIZATION_LEVEL = "-Onone";
				SWIFT_VERSION = 5.0;
				TARGETED_DEVICE_FAMILY = "1,2";
			};
			name = Debug;
		};
		37D2CA6EBE66797FB021676A /* Debug */ = {
			isa = XCBuildConfiguration;
			buildSettings = {
				ASSETCATALOG_COMPILER_APPICON_NAME = AppIcon;
				CODE_SIGN_IDENTITY = "iPhone Developer";
				CURRENT_PROJECT_VERSION = 1;
				GENERATE_INFOPLIST_FILE = YES;
				INFOPLIST_KEY_CFBundleDisplayName = "Offsider Runner";
				INFOPLIST_KEY_UIApplicationSceneManifest_Generation = YES;
				INFOPLIST_KEY_UILaunchScreen_Generation = YES;
				LD_RUNPATH_SEARCH_PATHS = (
					"$(inherited)",
					"@executable_path/Frameworks",
				);
				MARKETING_VERSION = 1.0;
				PRODUCT_BUNDLE_IDENTIFIER = com.mpalmes.offsider.runner;
				PRODUCT_NAME = OffsiderRunnerHost;
				SDKROOT = iphoneos;
				TARGETED_DEVICE_FAMILY = "1,2";
			};
			name = Debug;
		};
		4B730462F01E3C3AA643C81F /* Release */ = {
			isa = XCBuildConfiguration;
			buildSettings = {
				ASSETCATALOG_COMPILER_APPICON_NAME = AppIcon;
				CODE_SIGN_IDENTITY = "iPhone Developer";
				CURRENT_PROJECT_VERSION = 1;
				GENERATE_INFOPLIST_FILE = YES;
				INFOPLIST_KEY_CFBundleDisplayName = "Offsider Runner";
				INFOPLIST_KEY_UIApplicationSceneManifest_Generation = YES;
				INFOPLIST_KEY_UILaunchScreen_Generation = YES;
				LD_RUNPATH_SEARCH_PATHS = (
					"$(inherited)",
					"@executable_path/Frameworks",
				);
				MARKETING_VERSION = 1.0;
				PRODUCT_BUNDLE_IDENTIFIER = com.mpalmes.offsider.runner;
				PRODUCT_NAME = OffsiderRunnerHost;
				SDKROOT = iphoneos;
				TARGETED_DEVICE_FAMILY = "1,2";
			};
			name = Release;
		};
		8BFA63F60AC122D42AD96797 /* Release */ = {
			isa = XCBuildConfiguration;
			buildSettings = {
				BUNDLE_LOADER = "$(TEST_HOST)";
				GENERATE_INFOPLIST_FILE = YES;
				LD_RUNPATH_SEARCH_PATHS = (
					"$(inherited)",
					"@executable_path/Frameworks",
					"@loader_path/Frameworks",
				);
				PRODUCT_BUNDLE_IDENTIFIER = com.mpalmes.offsider.runner.uitests;
				SDKROOT = iphoneos;
				TARGETED_DEVICE_FAMILY = "1,2";
				TEST_TARGET_NAME = OffsiderRunnerHost;
			};
			name = Release;
		};
		8E86BCE58FEAF58FF62D9504 /* Debug */ = {
			isa = XCBuildConfiguration;
			buildSettings = {
				BUNDLE_LOADER = "$(TEST_HOST)";
				GENERATE_INFOPLIST_FILE = YES;
				LD_RUNPATH_SEARCH_PATHS = (
					"$(inherited)",
					"@executable_path/Frameworks",
					"@loader_path/Frameworks",
				);
				PRODUCT_BUNDLE_IDENTIFIER = com.mpalmes.offsider.runner.uitests;
				SDKROOT = iphoneos;
				TARGETED_DEVICE_FAMILY = "1,2";
				TEST_TARGET_NAME = OffsiderRunnerHost;
			};
			name = Debug;
		};
		D01CED6DC3C181B7520B94A5 /* Release */ = {
			isa = XCBuildConfiguration;
			buildSettings = {
				ALWAYS_SEARCH_USER_PATHS = NO;
				CLANG_ANALYZER_NONNULL = YES;
				CLANG_ANALYZER_NUMBER_OBJECT_CONVERSION = YES_AGGRESSIVE;
				CLANG_CXX_LANGUAGE_STANDARD = "gnu++14";
				CLANG_CXX_LIBRARY = "libc++";
				CLANG_ENABLE_MODULES = YES;
				CLANG_ENABLE_OBJC_ARC = YES;
				CLANG_ENABLE_OBJC_WEAK = YES;
				CLANG_WARN_BLOCK_CAPTURE_AUTORELEASING = YES;
				CLANG_WARN_BOOL_CONVERSION = YES;
				CLANG_WARN_COMMA = YES;
				CLANG_WARN_CONSTANT_CONVERSION = YES;
				CLANG_WARN_DEPRECATED_OBJC_IMPLEMENTATIONS = YES;
				CLANG_WARN_DIRECT_OBJC_ISA_USAGE = YES_ERROR;
				CLANG_WARN_DOCUMENTATION_COMMENTS = YES;
				CLANG_WARN_EMPTY_BODY = YES;
				CLANG_WARN_ENUM_CONVERSION = YES;
				CLANG_WARN_INFINITE_RECURSION = YES;
				CLANG_WARN_INT_CONVERSION = YES;
				CLANG_WARN_NON_LITERAL_NULL_CONVERSION = YES;
				CLANG_WARN_OBJC_IMPLICIT_RETAIN_SELF = YES;
				CLANG_WARN_OBJC_LITERAL_CONVERSION = YES;
				CLANG_WARN_OBJC_ROOT_CLASS = YES_ERROR;
				CLANG_WARN_QUOTED_INCLUDE_IN_FRAMEWORK_HEADER = YES;
				CLANG_WARN_RANGE_LOOP_ANALYSIS = YES;
				CLANG_WARN_STRICT_PROTOTYPES = YES;
				CLANG_WARN_SUSPICIOUS_MOVE = YES;
				CLANG_WARN_UNGUARDED_AVAILABILITY = YES_AGGRESSIVE;
				CLANG_WARN_UNREACHABLE_CODE = YES;
				CLANG_WARN__DUPLICATE_METHOD_MATCH = YES;
				CODE_SIGN_STYLE = Automatic;
				COPY_PHASE_STRIP = NO;
				DEBUG_INFORMATION_FORMAT = "dwarf-with-dsym";
				ENABLE_NS_ASSERTIONS = NO;
				ENABLE_STRICT_OBJC_MSGSEND = YES;
				GCC_C_LANGUAGE_STANDARD = gnu11;
				GCC_NO_COMMON_BLOCKS = YES;
				GCC_WARN_64_TO_32_BIT_CONVERSION = YES;
				GCC_WARN_ABOUT_RETURN_TYPE = YES_ERROR;
				GCC_WARN_UNDECLARED_SELECTOR = YES;
				GCC_WARN_UNINITIALIZED_AUTOS = YES_AGGRESSIVE;
				GCC_WARN_UNUSED_FUNCTION = YES;
				GCC_WARN_UNUSED_VARIABLE = YES;
				IPHONEOS_DEPLOYMENT_TARGET = 17.0;
				MTL_ENABLE_DEBUG_INFO = NO;
				MTL_FAST_MATH = YES;
				PRODUCT_NAME = "$(TARGET_NAME)";
				SDKROOT = iphoneos;
				SWIFT_COMPILATION_MODE = wholemodule;
				SWIFT_OPTIMIZATION_LEVEL = "-O";
				SWIFT_VERSION = 5.0;
				TARGETED_DEVICE_FAMILY = "1,2";
			};
			name = Release;
		};
/* End XCBuildConfiguration section */

/* Begin XCConfigurationList section */
		58B124F8B6A2052C076E03F9 /* Build configuration list for PBXNativeTarget "OffsiderRunnerHost" */ = {
			isa = XCConfigurationList;
			buildConfigurations = (
				37D2CA6EBE66797FB021676A /* Debug */,
				4B730462F01E3C3AA643C81F /* Release */,
			);
			defaultConfigurationIsVisible = 0;
			defaultConfigurationName = Debug;
		};
		74F34F6083F53A1AC8099042 /* Build configuration list for PBXNativeTarget "OffsiderRunnerUITests" */ = {
			isa = XCConfigurationList;
			buildConfigurations = (
				8E86BCE58FEAF58FF62D9504 /* Debug */,
				8BFA63F60AC122D42AD96797 /* Release */,
			);
			defaultConfigurationIsVisible = 0;
			defaultConfigurationName = Debug;
		};
		ACEA6778BF170DD2D6F1A449 /* Build configuration list for PBXProject "OffsiderRunner" */ = {
			isa = XCConfigurationList;
			buildConfigurations = (
				0B42AF77C35C50357D1A66C3 /* Debug */,
				D01CED6DC3C181B7520B94A5 /* Release */,
			);
			defaultConfigurationIsVisible = 0;
			defaultConfigurationName = Debug;
		};
/* End XCConfigurationList section */
	};
	rootObject = 59B52B69C1D45AFCFC29F94B /* Project object */;
}
